
Microsoft Visual Studio Solution File, Format Version 12.00
# Visual Studio Version 18
VisualStudioVersion = 18.5.11612.153
MinimumVisualStudioVersion = 10.0.40219.1
Project("{9A19103F-16F7-4668-BE54-9A1E7A4F7556}") = "cCoder.Core", "cCoder.Core\cCoder.Core.csproj", "{D4ED8C4A-87C5-4F1B-8E4D-5354BF49E2D9}"
EndProject
Project("{2150E333-8FDC-42A3-9474-1A3956D46DE8}") = "Apps", "Apps", "{FC8EAF25-8BB6-474F-9DC8-9BD999E984AE}"
EndProject
Project("{9A19103F-16F7-4668-BE54-9A1E7A4F7556}") = "Web", "Apps\Web\Web.csproj", "{264EC0FF-AB4E-4645-84D4-E87D12AEE93A}"
EndProject
Project("{9A19103F-16F7-4668-BE54-9A1E7A4F7556}") = "HostedServices", "Apps\HostedServices\HostedServices.csproj", "{622E4723-6B1D-47E4-B776-E097046BD3CF}"
EndProject
Project("{FAE04EC0-301F-11D3-BF4B-00C04F79EFBC}") = "Web.AcceptanceTests", "Apps\Web.AcceptanceTests\Web.AcceptanceTests.csproj", "{52EC6F47-BE23-4C3A-8481-50D135770ABA}"
EndProject
Project("{FAE04EC0-301F-11D3-BF4B-00C04F79EFBC}") = "cCoder.Core.Tests", "cCoder.Core.Tests\cCoder.Core.Tests.csproj", "{9BC3687F-E63D-4C42-9C75-CBF86F734679}"
EndProject
Project("{FAE04EC0-301F-11D3-BF4B-00C04F79EFBC}") = "HostedServices.AcceptanceTests", "Apps\HostedServices.AcceptanceTests\HostedServices.AcceptanceTests.csproj", "{031305E4-868D-493C-A24F-7EC46B0E0050}"
EndProject
Project("{FAE04EC0-301F-11D3-BF4B-00C04F79EFBC}") = "Workflow", "Apps\Workflow\Workflow.csproj", "{7783CBAE-7E5E-48AF-89A1-F899EB90DD19}"
EndProject
Project("{FAE04EC0-301F-11D3-BF4B-00C04F79EFBC}") = "cCoder.IntegrationTests", "Apps\cCoder.IntegrationTests\cCoder.IntegrationTests.csproj", "{5A63622F-3458-49D1-997F-0F83D516F8C7}"
EndProject
Global
	GlobalSection(SolutionConfigurationPlatforms) = preSolution
		Debug|Any CPU = Debug|Any CPU
		Debug|x64 = Debug|x64
		Debug|x86 = Debug|x86
		Release|Any CPU = Release|Any CPU
		Release|x64 = Release|x64
		Release|x86 = Release|x86
	EndGlobalSection
	GlobalSection(ProjectConfigurationPlatforms) = postSolution
		{D4ED8C4A-87C5-4F1B-8E4D-5354BF49E2D9}.Debug|Any CPU.ActiveCfg = Debug|Any CPU
		{D4ED8C4A-87C5-4F1B-8E4D-5354BF49E2D9}.Debug|Any CPU.Build.0 = Debug|Any CPU
		{D4ED8C4A-87C5-4F1B-8E4D-5354BF49E2D9}.Debug|x64.ActiveCfg = Debug|Any CPU
		{D4ED8C4A-87C5-4F1B-8E4D-5354BF49E2D9}.Debug|x64.Build.0 = Debug|Any CPU
		{D4ED8C4A-87C5-4F1B-8E4D-5354BF49E2D9}.Debug|x86.ActiveCfg = Debug|Any CPU
		{D4ED8C4A-87C5-4F1B-8E4D-5354BF49E2D9}.Debug|x86.Build.0 = Debug|Any CPU
		{D4ED8C4A-87C5-4F1B-8E4D-5354BF49E2D9}.Release|Any CPU.ActiveCfg = Release|Any CPU
		{D4ED8C4A-87C5-4F1B-8E4D-5354BF49E2D9}.Release|Any CPU.Build.0 = Release|Any CPU
		{D4ED8C4A-87C5-4F1B-8E4D-5354BF49E2D9}.Release|x64.ActiveCfg = Release|Any CPU
		{D4ED8C4A-87C5-4F1B-8E4D-5354BF49E2D9}.Release|x64.Build.0 = Release|Any CPU
		{D4ED8C4A-87C5-4F1B-8E4D-5354BF49E2D9}.Release|x86.ActiveCfg = Release|Any CPU
		{D4ED8C4A-87C5-4F1B-8E4D-5354BF49E2D9}.Release|x86.Build.0 = Release|Any CPU
		{264EC0FF-AB4E-4645-84D4-E87D12AEE93A}.Debug|Any CPU.ActiveCfg = Debug|Any CPU
		{264EC0FF-AB4E-4645-84D4-E87D12AEE93A}.Debug|Any CPU.Build.0 = Debug|Any CPU
		{264EC0FF-AB4E-4645-84D4-E87D12AEE93A}.Debug|x64.ActiveCfg = Debug|Any CPU
		{264EC0FF-AB4E-4645-84D4-E87D12AEE93A}.Debug|x64.Build.0 = Debug|Any CPU
		{264EC0FF-AB4E-4645-84D4-E87D12AEE93A}.Debug|x86.ActiveCfg = Debug|Any CPU
		{264EC0FF-AB4E-4645-84D4-E87D12AEE93A}.Debug|x86.Build.0 = Debug|Any CPU
		{264EC0FF-AB4E-4645-84D4-E87D12AEE93A}.Release|Any CPU.ActiveCfg = Release|Any CPU
		{264EC0FF-AB4E-4645-84D4-E87D12AEE93A}.Release|Any CPU.Build.0 = Release|Any CPU
		{264EC0FF-AB4E-4645-84D4-E87D12AEE93A}.Release|x64.ActiveCfg = Release|Any CPU
		{264EC0FF-AB4E-4645-84D4-E87D12AEE93A}.Release|x64.Build.0 = Release|Any CPU
		{264EC0FF-AB4E-4645-84D4-E87D12AEE93A}.Release|x86.ActiveCfg = Release|Any CPU
		{264EC0FF-AB4E-4645-84D4-E87D12AEE93A}.Release|x86.Build.0 = Release|Any CPU
		{622E4723-6B1D-47E4-B776-E097046BD3CF}.Debug|Any CPU.ActiveCfg = Debug|Any CPU
		{622E4723-6B1D-47E4-B776-E097046BD3CF}.Debug|Any CPU.Build.0 = Debug|Any CPU
		{622E4723-6B1D-47E4-B776-E097046BD3CF}.Debug|x64.ActiveCfg = Debug|Any CPU
		{622E4723-6B1D-47E4-B776-E097046BD3CF}.Debug|x64.Build.0 = Debug|Any CPU
		{622E4723-6B1D-47E4-B776-E097046BD3CF}.Debug|x86.ActiveCfg = Debug|Any CPU
		{622E4723-6B1D-47E4-B776-E097046BD3CF}.Debug|x86.Build.0 = Debug|Any CPU
		{622E4723-6B1D-47E4-B776-E097046BD3CF}.Release|Any CPU.ActiveCfg = Release|Any CPU
		{622E4723-6B1D-47E4-B776-E097046BD3CF}.Release|Any CPU.Build.0 = Release|Any CPU
		{622E4723-6B1D-47E4-B776-E097046BD3CF}.Release|x64.ActiveCfg = Release|Any CPU
		{622E4723-6B1D-47E4-B776-E097046BD3CF}.Release|x64.Build.0 = Release|Any CPU
		{622E4723-6B1D-47E4-B776-E097046BD3CF}.Release|x86.ActiveCfg = Release|Any CPU
		{622E4723-6B1D-47E4-B776-E097046BD3CF}.Release|x86.Build.0 = Release|Any CPU
		{52EC6F47-BE23-4C3A-8481-50D135770ABA}.Debug|Any CPU.ActiveCfg = Debug|Any CPU
		{52EC6F47-BE23-4C3A-8481-50D135770ABA}.Debug|Any CPU.Build.0 = Debug|Any CPU
		{52EC6F47-BE23-4C3A-8481-50D135770ABA}.Debug|x64.ActiveCfg = Debug|Any CPU
		{52EC6F47-BE23-4C3A-8481-50D135770ABA}.Debug|x64.Build.0 = Debug|Any CPU
		{52EC6F47-BE23-4C3A-8481-50D135770ABA}.Debug|x86.ActiveCfg = Debug|Any CPU
		{52EC6F47-BE23-4C3A-8481-50D135770ABA}.Debug|x86.Build.0 = Debug|Any CPU
		{52EC6F47-BE23-4C3A-8481-50D135770ABA}.Release|Any CPU.ActiveCfg = Release|Any CPU
		{52EC6F47-BE23-4C3A-8481-50D135770ABA}.Release|Any CPU.Build.0 = Release|Any CPU
		{52EC6F47-BE23-4C3A-8481-50D135770ABA}.Release|x64.ActiveCfg = Release|Any CPU
		{52EC6F47-BE23-4C3A-8481-50D135770ABA}.Release|x64.Build.0 = Release|Any CPU
		{52EC6F47-BE23-4C3A-8481-50D135770ABA}.Release|x86.ActiveCfg = Release|Any CPU
		{52EC6F47-BE23-4C3A-8481-50D135770ABA}.Release|x86.Build.0 = Release|Any CPU
		{9BC3687F-E63D-4C42-9C75-CBF86F734679}.Debug|Any CPU.ActiveCfg = Debug|Any CPU
		{9BC3687F-E63D-4C42-9C75-CBF86F734679}.Debug|Any CPU.Build.0 = Debug|Any CPU
		{9BC3687F-E63D-4C42-9C75-CBF86F734679}.Debug|x64.ActiveCfg = Debug|Any CPU
		{9BC3687F-E63D-4C42-9C75-CBF86F734679}.Debug|x64.Build.0 = Debug|Any CPU
		{9BC3687F-E63D-4C42-9C75-CBF86F734679}.Debug|x86.ActiveCfg = Debug|Any CPU
		{9BC3687F-E63D-4C42-9C75-CBF86F734679}.Debug|x86.Build.0 = Debug|Any CPU
		{9BC3687F-E63D-4C42-9C75-CBF86F734679}.Release|Any CPU.ActiveCfg = Release|Any CPU
		{9BC3687F-E63D-4C42-9C75-CBF86F734679}.Release|Any CPU.Build.0 = Release|Any CPU
		{9BC3687F-E63D-4C42-9C75-CBF86F734679}.Release|x64.ActiveCfg = Release|Any CPU
		{9BC3687F-E63D-4C42-9C75-CBF86F734679}.Release|x64.Build.0 = Release|Any CPU
		{9BC3687F-E63D-4C42-9C75-CBF86F734679}.Release|x86.ActiveCfg = Release|Any CPU
		{9BC3687F-E63D-4C42-9C75-CBF86F734679}.Release|x86.Build.0 = Release|Any CPU
		{031305E4-868D-493C-A24F-7EC46B0E0050}.Debug|Any CPU.ActiveCfg = Debug|Any CPU
		{031305E4-868D-493C-A24F-7EC46B0E0050}.Debug|Any CPU.Build.0 = Debug|Any CPU
		{031305E4-868D-493C-A24F-7EC46B0E0050}.Debug|x64.ActiveCfg = Debug|Any CPU
		{031305E4-868D-493C-A24F-7EC46B0E0050}.Debug|x64.Build.0 = Debug|Any CPU
		{031305E4-868D-493C-A24F-7EC46B0E0050}.Debug|x86.ActiveCfg = Debug|Any CPU
		{031305E4-868D-493C-A24F-7EC46B0E0050}.Debug|x86.Build.0 = Debug|Any CPU
		{031305E4-868D-493C-A24F-7EC46B0E0050}.Release|Any CPU.ActiveCfg = Release|Any CPU
		{031305E4-868D-493C-A24F-7EC46B0E0050}.Release|Any CPU.Build.0 = Release|Any CPU
		{031305E4-868D-493C-A24F-7EC46B0E0050}.Release|x64.ActiveCfg = Release|Any CPU
		{031305E4-868D-493C-A24F-7EC46B0E0050}.Release|x64.Build.0 = Release|Any CPU
		{031305E4-868D-493C-A24F-7EC46B0E0050}.Release|x86.ActiveCfg = Release|Any CPU
		{031305E4-868D-493C-A24F-7EC46B0E0050}.Release|x86.Build.0 = Release|Any CPU
		{7783CBAE-7E5E-48AF-89A1-F899EB90DD19}.Debug|Any CPU.ActiveCfg = Debug|Any CPU
		{7783CBAE-7E5E-48AF-89A1-F899EB90DD19}.Debug|Any CPU.Build.0 = Debug|Any CPU
		{7783CBAE-7E5E-48AF-89A1-F899EB90DD19}.Debug|x64.ActiveCfg = Debug|Any CPU
		{7783CBAE-7E5E-48AF-89A1-F899EB90DD19}.Debug|x64.Build.0 = Debug|Any CPU
		{7783CBAE-7E5E-48AF-89A1-F899EB90DD19}.Debug|x86.ActiveCfg = Debug|Any CPU
		{7783CBAE-7E5E-48AF-89A1-F899EB90DD19}.Debug|x86.Build.0 = Debug|Any CPU
		{7783CBAE-7E5E-48AF-89A1-F899EB90DD19}.Release|Any CPU.ActiveCfg = Release|Any CPU
		{7783CBAE-7E5E-48AF-89A1-F899EB90DD19}.Release|Any CPU.Build.0 = Release|Any CPU
		{7783CBAE-7E5E-48AF-89A1-F899EB90DD19}.Release|x64.ActiveCfg = Release|Any CPU
		{7783CBAE-7E5E-48AF-89A1-F899EB90DD19}.Release|x64.Build.0 = Release|Any CPU
		{7783CBAE-7E5E-48AF-89A1-F899EB90DD19}.Release|x86.ActiveCfg = Release|Any CPU
		{7783CBAE-7E5E-48AF-89A1-F899EB90DD19}.Release|x86.Build.0 = Release|Any CPU
		{5A63622F-3458-49D1-997F-0F83D516F8C7}.Debug|Any CPU.ActiveCfg = Debug|Any CPU
		{5A63622F-3458-49D1-997F-0F83D516F8C7}.Debug|Any CPU.Build.0 = Debug|Any CPU
		{5A63622F-3458-49D1-997F-0F83D516F8C7}.Debug|x64.ActiveCfg = Debug|Any CPU
		{5A63622F-3458-49D1-997F-0F83D516F8C7}.Debug|x64.Build.0 = Debug|Any CPU
		{5A63622F-3458-49D1-997F-0F83D516F8C7}.Debug|x86.ActiveCfg = Debug|Any CPU
		{5A63622F-3458-49D1-997F-0F83D516F8C7}.Debug|x86.Build.0 = Debug|Any CPU
		{5A63622F-3458-49D1-997F-0F83D516F8C7}.Release|Any CPU.ActiveCfg = Release|Any CPU
		{5A63622F-3458-49D1-997F-0F83D516F8C7}.Release|Any CPU.Build.0 = Release|Any CPU
		{5A63622F-3458-49D1-997F-0F83D516F8C7}.Release|x64.ActiveCfg = Release|Any CPU
		{5A63622F-3458-49D1-997F-0F83D516F8C7}.Release|x64.Build.0 = Release|Any CPU
		{5A63622F-3458-49D1-997F-0F83D516F8C7}.Release|x86.ActiveCfg = Release|Any CPU
		{5A63622F-3458-49D1-997F-0F83D516F8C7}.Release|x86.Build.0 = Release|Any CPU
	EndGlobalSection
	GlobalSection(SolutionProperties) = preSolution
		HideSolutionNode = FALSE
	EndGlobalSection
	GlobalSection(NestedProjects) = preSolution
		{264EC0FF-AB4E-4645-84D4-E87D12AEE93A} = {FC8EAF25-8BB6-474F-9DC8-9BD999E984AE}
		{622E4723-6B1D-47E4-B776-E097046BD3CF} = {FC8EAF25-8BB6-474F-9DC8-9BD999E984AE}
		{52EC6F47-BE23-4C3A-8481-50D135770ABA} = {FC8EAF25-8BB6-474F-9DC8-9BD999E984AE}
		{031305E4-868D-493C-A24F-7EC46B0E0050} = {FC8EAF25-8BB6-474F-9DC8-9BD999E984AE}
		{7783CBAE-7E5E-48AF-89A1-F899EB90DD19} = {FC8EAF25-8BB6-474F-9DC8-9BD999E984AE}
		{5A63622F-3458-49D1-997F-0F83D516F8C7} = {FC8EAF25-8BB6-474F-9DC8-9BD999E984AE}
	EndGlobalSection
	GlobalSection(ExtensibilityGlobals) = postSolution
		SolutionGuid = {36517CA3-D42A-4DF2-B783-52023F07D817}
	EndGlobalSection
EndGlobal
